PODS:
  - Alamofire (3.5.1)
  - Charts (2.2.5):
    - Charts/Core (= 2.2.5)
  - Charts/Core (2.2.5)
  - ObjectMapper (1.1.5)

DEPENDENCIES:
  - Alamofire (~> 3.0)
  - Charts (= 2.2.5)
  - ObjectMapper (= 1.1.5)

SPEC CHECKSUMS:
  Alamofire: 0dfba1184a543e2aa160f4e39cac4e8aba48d223
  Charts: b48fcc8d7190de910ff9e9748f5360c8ea7856e5
  ObjectMapper: 528b1a6677a6acac7747edd508576983e76a9148

PODFILE CHECKSUM: 724a2751288b498fd41fd2993f2daf4c1057818c

COCOAPODS: 1.0.0
